// !$*UTF8*$!
{
	archiveVersion = 1;
	classes = {
	};
	objectVersion = 77;
	objects = {

/* Begin PBXContainerItemProxy section */
		33D138552E06944100101ACA /* PBXContainerItemProxy */ = {
			isa = PBXContainerItemProxy;
			containerPortal = 33D138362E06943E00101ACA /* Project object */;
			proxyType = 1;
			remoteGlobalIDString = 33D1383D2E06943E00101ACA;
			remoteInfo = ryuugaku;
		};
		33D1385F2E06944100101ACA /* PBXContainerItemProxy */ = {
			isa = PBXContainerItemProxy;
			containerPortal = 33D138362E06943E00101ACA /* Project object */;
			proxyType = 1;
			remoteGlobalIDString = 33D1383D2E06943E00101ACA;
			remoteInfo = ryuugaku;
		};
/* End PBXContainerItemProxy section */

/* Begin PBXFileReference section */
		33D1383E2E06943E00101ACA /* ryuugaku.app */ = {isa = PBXFileReference; explicitFileType = wrapper.application; includeInIndex = 0; path = ryuugaku.app; sourceTree = BUILT_PRODUCTS_DIR; };
		33D138542E06944100101ACA /* ryuugakuTests.xctest */ = {isa = PBXFileReference; explicitFileType = wrapper.cfbundle; includeInIndex = 0; path = ryuugakuTests.xctest; sourceTree = BUILT_PRODUCTS_DIR; };
		33D1385E2E06944100101ACA /* ryuugakuUITests.xctest */ = {isa = PBXFileReference; explicitFileType = wrapper.cfbundle; includeInIndex = 0; path = ryuugakuUITests.xctest; sourceTree = BUILT_PRODUCTS_DIR; };
/* End PBXFileReference section */

/* Begin PBXFileSystemSynchronizedBuildFileExceptionSet section */
		33D138662E06944100101ACA /* Exceptions for "ryuugaku" folder in "ryuugaku" target */ = {
			isa = PBXFileSystemSynchronizedBuildFileExceptionSet;
			membershipExceptions = (
				Info.plist,
			);
			target = 33D1383D2E06943E00101ACA /* ryuugaku */;
		};
/* End PBXFileSystemSynchronizedBuildFileExceptionSet section */

/* Begin PBXFileSystemSynchronizedRootGroup section */
		33D138402E06943E00101ACA /* ryuugaku */ = {
			isa = PBXFileSystemSynchronizedRootGroup;
			exceptions = (
				33D138662E06944100101ACA /* Exceptions for "ryuugaku" folder in "ryuugaku" target */,
			);
			path = ryuugaku;
			sourceTree = "<group>";
		};
		33D138572E06944100101ACA /* ryuugakuTests */ = {
			isa = PBXFileSystemSynchronizedRootGroup;
			path = ryuugakuTests;
			sourceTree = "<group>";
		};
		33D138612E06944100101ACA /* ryuugakuUITests */ = {
			isa = PBXFileSystemSynchronizedRootGroup;
			path = ryuugakuUITests;
			sourceTree = "<group>";
		};
/* End PBXFileSystemSynchronizedRootGroup section */

/* Begin PBXFrameworksBuildPhase section */
		33D1383B2E06943E00101ACA /* Frameworks */ = {
			isa = PBXFrameworksBuildPhase;
			buildActionMask = 2147483647;
			files = (
			);
			runOnlyForDeploymentPostprocessing = 0;
		};
		33D138512E06944100101ACA /* Frameworks */ = {
			isa = PBXFrameworksBuildPhase;
			buildActionMask = 2147483647;
			files = (
			);
			runOnlyForDeploymentPostprocessing = 0;
		};
		33D1385B2E06944100101ACA /* Frameworks */ = {
			isa = PBXFrameworksBuildPhase;
			buildActionMask = 2147483647;
			files = (
			);
			runOnlyForDeploymentPostprocessing = 0;
		};
/* End PBXFrameworksBuildPhase section */

/* Begin PBXGroup section */
		33D138352E06943E00101ACA = {
			isa = PBXGroup;
			children = (
				33D138402E06943E00101ACA /* ryuugaku */,
				33D138572E06944100101ACA /* ryuugakuTests */,
				33D138612E06944100101ACA /* ryuugakuUITests */,
				33D1383F2E06943E00101ACA /* Products */,
			);
			sourceTree = "<group>";
		};
		33D1383F2E06943E00101ACA /* Products */ = {
			isa = PBXGroup;
			children = (
				33D1383E2E06943E00101ACA /* ryuugaku.app */,
				33D138542E06944100101ACA /* ryuugakuTests.xctest */,
				33D1385E2E06944100101ACA /* ryuugakuUITests.xctest */,
			);
			name = Products;
			sourceTree = "<group>";
		};
/* End PBXGroup section */

/* Begin PBXNativeTarget section */
		33D1383D2E06943E00101ACA /* ryuugaku */ = {
			isa = PBXNativeTarget;
			buildConfigurationList = 33D138672E06944100101ACA /* Build configuration list for PBXNativeTarget "ryuugaku" */;
			buildPhases = (
				33D1383A2E06943E00101ACA /* Sources */,
				33D1383B2E06943E00101ACA /* Frameworks */,
				33D1383C2E06943E00101ACA /* Resources */,
			);
			buildRules = (
			);
			dependencies = (
			);
			fileSystemSynchronizedGroups = (
				33D138402E06943E00101ACA /* ryuugaku */,
			);
			name = ryuugaku;
			packageProductDependencies = (
			);
			productName = ryuugaku;
			productReference = 33D1383E2E06943E00101ACA /* ryuugaku.app */;
			productType = "com.apple.product-type.application";
		};
		33D138532E06944100101ACA /* ryuugakuTests */ = {
			isa = PBXNativeTarget;
			buildConfigurationList = 33D1386C2E06944100101ACA /* Build configuration list for PBXNativeTarget "ryuugakuTests" */;
			buildPhases = (
				33D138502E06944100101ACA /* Sources */,
				33D138512E06944100101ACA /* Frameworks */,
				33D138522E06944100101ACA /* Resources */,
			);
			buildRules = (
			);
			dependencies = (
				33D138562E06944100101ACA /* PBXTargetDependency */,
			);
			fileSystemSynchronizedGroups = (
				33D138572E06944100101ACA /* ryuugakuTests */,
			);
			name = ryuugakuTests;
			packageProductDependencies = (
			);
			productName = ryuugakuTests;
			productReference = 33D138542E06944100101ACA /* ryuugakuTests.xctest */;
			productType = "com.apple.product-type.bundle.unit-test";
		};
		33D1385D2E06944100101ACA /* ryuugakuUITests */ = {
			isa = PBXNativeTarget;
			buildConfigurationList = 33D1386F2E06944100101ACA /* Build configuration list for PBXNativeTarget "ryuugakuUITests" */;
			buildPhases = (
				33D1385A2E06944100101ACA /* Sources */,
				33D1385B2E06944100101ACA /* Frameworks */,
				33D1385C2E06944100101ACA /* Resources */,
			);
			buildRules = (
			);
			dependencies = (
				33D138602E06944100101ACA /* PBXTargetDependency */,
			);
			fileSystemSynchronizedGroups = (
				33D138612E06944100101ACA /* ryuugakuUITests */,
			);
			name = ryuugakuUITests;
			packageProductDependencies = (
			);
			productName = ryuugakuUITests;
			productReference = 33D1385E2E06944100101ACA /* ryuugakuUITests.xctest */;
			productType = "com.apple.product-type.bundle.ui-testing";
		};
/* End PBXNativeTarget section */

/* Begin PBXProject section */
		33D138362E06943E00101ACA /* Project object */ = {
			isa = PBXProject;
			attributes = {
				BuildIndependentTargetsInParallel = 1;
				LastSwiftUpdateCheck = 1640;
				LastUpgradeCheck = 1640;
				TargetAttributes = {
					33D1383D2E06943E00101ACA = {
						CreatedOnToolsVersion = 16.4;
					};
					33D138532E06944100101ACA = {
						CreatedOnToolsVersion = 16.4;
						TestTargetID = 33D1383D2E06943E00101ACA;
					};
					33D1385D2E06944100101ACA = {
						CreatedOnToolsVersion = 16.4;
						TestTargetID = 33D1383D2E06943E00101ACA;
					};
				};
			};
			buildConfigurationList = 33D138392E06943E00101ACA /* Build configuration list for PBXProject "ryuugaku" */;
			developmentRegion = en;
			hasScannedForEncodings = 0;
			knownRegions = (
				en,
				Base,
			);
			mainGroup = 33D138352E06943E00101ACA;
			minimizedProjectReferenceProxies = 1;
			preferredProjectObjectVersion = 77;
			productRefGroup = 33D1383F2E06943E00101ACA /* Products */;
			projectDirPath = "";
			projectRoot = "";
			targets = (
				33D1383D2E06943E00101ACA /* ryuugaku */,
				33D138532E06944100101ACA /* ryuugakuTests */,
				33D1385D2E06944100101ACA /* ryuugakuUITests */,
			);
		};
/* End PBXProject section */

/* Begin PBXResourcesBuildPhase section */
		33D1383C2E06943E00101ACA /* Resources */ = {
			isa = PBXResourcesBuildPhase;
			buildActionMask = 2147483647;
			files = (
			);
			runOnlyForDeploymentPostprocessing = 0;
		};
		33D138522E06944100101ACA /* Resources */ = {
			isa = PBXResourcesBuildPhase;
			buildActionMask = 2147483647;
			files = (
			);
			runOnlyForDeploymentPostprocessing = 0;
		};
		33D1385C2E06944100101ACA /* Resources */ = {
			isa = PBXResourcesBuildPhase;
			buildActionMask = 2147483647;
			files = (
			);
			runOnlyForDeploymentPostprocessing = 0;
		};
/* End PBXResourcesBuildPhase section */

/* Begin PBXSourcesBuildPhase section */
		33D1383A2E06943E00101ACA /* Sources */ = {
			isa = PBXSourcesBuildPhase;
			buildActionMask = 2147483647;
			files = (
			);
			runOnlyForDeploymentPostprocessing = 0;
		};
		33D138502E06944100101ACA /* Sources */ = {
			isa = PBXSourcesBuildPhase;
			buildActionMask = 2147483647;
			files = (
			);
			runOnlyForDeploymentPostprocessing = 0;
		};
		33D1385A2E06944100101ACA /* Sources */ = {
			isa = PBXSourcesBuildPhase;
			buildActionMask = 2147483647;
			files = (
			);
			runOnlyForDeploymentPostprocessing = 0;
		};
/* End PBXSourcesBuildPhase section */

/* Begin PBXTargetDependency section */
		33D138562E06944100101ACA /* PBXTargetDependency */ = {
			isa = PBXTargetDependency;
			target = 33D1383D2E06943E00101ACA /* ryuugaku */;
			targetProxy = 33D138552E06944100101ACA /* PBXContainerItemProxy */;
		};
		33D138602E06944100101ACA /* PBXTargetDependency */ = {
			isa = PBXTargetDependency;
			target = 33D1383D2E06943E00101ACA /* ryuugaku */;
			targetProxy = 33D1385F2E06944100101ACA /* PBXContainerItemProxy */;
		};
/* End PBXTargetDependency section */

/* Begin XCBuildConfiguration section */
		33D138682E06944100101ACA /* Debug */ = {
			isa = XCBuildConfiguration;
			buildSettings = {
				ASSETCATALOG_COMPILER_APPICON_NAME = AppIcon;
				ASSETCATALOG_COMPILER_GLOBAL_ACCENT_COLOR_NAME = AccentColor;
				CODE_SIGN_STYLE = Automatic;
				CURRENT_PROJECT_VERSION = 1;
				GENERATE_INFOPLIST_FILE = YES;
				INFOPLIST_FILE = ryuugaku/Info.plist;
				INFOPLIST_KEY_UIApplicationSupportsIndirectInputEvents = YES;
				INFOPLIST_KEY_UILaunchStoryboardName = LaunchScreen;
				INFOPLIST_KEY_UIMainStoryboardFile = Main;
				INFOPLIST_KEY_UISupportedInterfaceOrientations_iPad = "UIInterfaceOrientationPortrait UIInterfaceOrientationPortraitUpsideDown UIInterfaceOrientationLandscapeLeft UIInterfaceOrientationLandscapeRight";
				INFOPLIST_KEY_UISupportedInterfaceOrientations_iPhone = "UIInterfaceOrientationPortrait UIInterfaceOrientationLandscapeLeft UIInterfaceOrientationLandscapeRight";
				LD_RUNPATH_SEARCH_PATHS = (
					"$(inherited)",
					"@executable_path/Frameworks",
				);
				MARKETING_VERSION = 1.0;
				PRODUCT_BUNDLE_IDENTIFIER = app.Taguchi.Raku.ryuugaku;
				PRODUCT_NAME = "$(TARGET_NAME)";
				SWIFT_EMIT_LOC_STRINGS = YES;
				SWIFT_VERSION = 5.0;
				TARGETED_DEVICE_FAMILY = "1,2";
			};
			name = Debug;
		};
		33D138692E06944100101ACA /* Release */ = {
			isa = XCBuildConfiguration;
			buildSettings = {
				ASSETCATALOG_COMPILER_APPICON_NAME = AppIcon;
				ASSETCATALOG_COMPILER_GLOBAL_ACCENT_COLOR_NAME = AccentColor;
				CODE_SIGN_STYLE = Automatic;
				CURRENT_PROJECT_VERSION = 1;
				GENERATE_INFOPLIST_FILE = YES;
				INFOPLIST_FILE = ryuugaku/Info.plist;
				INFOPLIST_KEY_UIApplicationSupportsIndirectInputEvents = YES;
				INFOPLIST_KEY_UILaunchStoryboardName = LaunchScreen;
				INFOPLIST_KEY_UIMainStoryboardFile = Main;
				INFOPLIST_KEY_UISupportedInterfaceOrientations_iPad = "UIInterfaceOrientationPortrait UIInterfaceOrientationPortraitUpsideDown UIInterfaceOrientationLandscapeLeft UIInterfaceOrientationLandscapeRight";
				INFOPLIST_KEY_UISupportedInterfaceOrientations_iPhone = "UIInterfaceOrientationPortrait UIInterfaceOrientationLandscapeLeft UIInterfaceOrientationLandscapeRight";
				LD_RUNPATH_SEARCH_PATHS = (
					"$(inherited)",
					"@executable_path/Frameworks",
				);
				MARKETING_VERSION = 1.0;
				PRODUCT_BUNDLE_IDENTIFIER = app.Taguchi.Raku.ryuugaku;
				PRODUCT_NAME = "$(TARGET_NAME)";
				SWIFT_EMIT_LOC_STRINGS = YES;
				SWIFT_VERSION = 5.0;
				TARGETED_DEVICE_FAMILY = "1,2";
			};
			name = Release;
		};
		33D1386A2E06944100101ACA /* Debug */ = {
			isa = XCBuildConfiguration;
			buildSettings = {
				ALWAYS_SEARCH_USER_PATHS = NO;
				ASSETCATALOG_COMPILER_GENERATE_SWIFT_ASSET_SYMBOL_EXTENSIONS = YES;
				CLANG_ANALYZER_NONNULL = YES;
				CLANG_ANALYZER_NUMBER_OBJECT_CONVERSION = YES_AGGRESSIVE;
				CLANG_CXX_LANGUAGE_STANDARD = "gnu++20";
				CLANG_ENABLE_MODULES = YES;
				CLANG_ENABLE_OBJC_ARC = YES;
				CLANG_ENABLE_OBJC_WEAK = YES;
				CLANG_WARN_BLOCK_CAPTURE_AUTORELEASING = YES;
				CLANG_WARN_BOOL_CONVERSION = YES;
				CLANG_WARN_COMMA = YES;
				CLANG_WARN_CONSTANT_CONVERSION = YES;
				CLANG_WARN_DEPRECATED_OBJC_IMPLEMENTATIONS = YES;
				CLANG_WARN_DIRECT_OBJC_ISA_USAGE = YES_ERROR;
				CLANG_WARN_DOCUMENTATION_COMMENTS = YES;
				CLANG_WARN_EMPTY_BODY = YES;
				CLANG_WARN_ENUM_CONVERSION = YES;
				CLANG_WARN_INFINITE_RECURSION = YES;
				CLANG_WARN_INT_CONVERSION = YES;
				CLANG_WARN_NON_LITERAL_NULL_CONVERSION = YES;
				CLANG_WARN_OBJC_IMPLICIT_RETAIN_SELF = YES;
				CLANG_WARN_OBJC_LITERAL_CONVERSION = YES;
				CLANG_WARN_OBJC_ROOT_CLASS = YES_ERROR;
				CLANG_WARN_QUOTED_INCLUDE_IN_FRAMEWORK_HEADER = YES;
				CLANG_WARN_RANGE_LOOP_ANALYSIS = YES;
				CLANG_WARN_STRICT_PROTOTYPES = YES;
				CLANG_WARN_SUSPICIOUS_MOVE = YES;
				CLANG_WARN_UNGUARDED_AVAILABILITY = YES_AGGRESSIVE;
				CLANG_WARN_UNREACHABLE_CODE = YES;
				CLANG_WARN__DUPLICATE_METHOD_MATCH = YES;
				COPY_PHASE_STRIP = NO;
				DEBUG_INFORMATION_FORMAT = dwarf;
				ENABLE_STRICT_OBJC_MSGSEND = YES;
				ENABLE_TESTABILITY = YES;
				ENABLE_USER_SCRIPT_SANDBOXING = YES;
				GCC_C_LANGUAGE_STANDARD = gnu17;
				GCC_DYNAMIC_NO_PIC = NO;
				GCC_NO_COMMON_BLOCKS = YES;
				GCC_OPTIMIZATION_LEVEL = 0;
				GCC_PREPROCESSOR_DEFINITIONS = (
					"DEBUG=1",
					"$(inherited)",
				);
				GCC_WARN_64_TO_32_BIT_CONVERSION = YES;
				GCC_WARN_ABOUT_RETURN_TYPE = YES_ERROR;
				GCC_WARN_UNDECLARED_SELECTOR = YES;
				GCC_WARN_UNINITIALIZED_AUTOS = YES_AGGRESSIVE;
				GCC_WARN_UNUSED_FUNCTION = YES;
				GCC_WARN_UNUSED_VARIABLE = YES;
				IPHONEOS_DEPLOYMENT_TARGET = 18.5;
				LOCALIZATION_PREFERS_STRING_CATALOGS = YES;
				MTL_ENABLE_DEBUG_INFO = INCLUDE_SOURCE;
				MTL_FAST_MATH = YES;
				ONLY_ACTIVE_ARCH = YES;
				SDKROOT = iphoneos;
				SWIFT_ACTIVE_COMPILATION_CONDITIONS = "DEBUG $(inherited)";
				SWIFT_OPTIMIZATION_LEVEL = "-Onone";
			};
			name = Debug;
		};
		33D1386B2E06944100101ACA /* Release */ = {
			isa = XCBuildConfiguration;
			buildSettings = {
				ALWAYS_SEARCH_USER_PATHS = NO;
				ASSETCATALOG_COMPILER_GENERATE_SWIFT_ASSET_SYMBOL_EXTENSIONS = YES;
				CLANG_ANALYZER_NONNULL = YES;
				CLANG_ANALYZER_NUMBER_OBJECT_CONVERSION = YES_AGGRESSIVE;
				CLANG_CXX_LANGUAGE_STANDARD = "gnu++20";
				CLANG_ENABLE_MODULES = YES;
				CLANG_ENABLE_OBJC_ARC = YES;
				CLANG_ENABLE_OBJC_WEAK = YES;
				CLANG_WARN_BLOCK_CAPTURE_AUTORELEASING = YES;
				CLANG_WARN_BOOL_CONVERSION = YES;
				CLANG_WARN_COMMA = YES;
				CLANG_WARN_CONSTANT_CONVERSION = YES;
				CLANG_WARN_DEPRECATED_OBJC_IMPLEMENTATIONS = YES;
				CLANG_WARN_DIRECT_OBJC_ISA_USAGE = YES_ERROR;
				CLANG_WARN_DOCUMENTATION_COMMENTS = YES;
				CLANG_WARN_EMPTY_BODY = YES;
				CLANG_WARN_ENUM_CONVERSION = YES;
				CLANG_WARN_INFINITE_RECURSION = YES;
				CLANG_WARN_INT_CONVERSION = YES;
				CLANG_WARN_NON_LITERAL_NULL_CONVERSION = YES;
				CLANG_WARN_OBJC_IMPLICIT_RETAIN_SELF = YES;
				CLANG_WARN_OBJC_LITERAL_CONVERSION = YES;
				CLANG_WARN_OBJC_ROOT_CLASS = YES_ERROR;
				CLANG_WARN_QUOTED_INCLUDE_IN_FRAMEWORK_HEADER = YES;
				CLANG_WARN_RANGE_LOOP_ANALYSIS = YES;
				CLANG_WARN_STRICT_PROTOTYPES = YES;
				CLANG_WARN_SUSPICIOUS_MOVE = YES;
				CLANG_WARN_UNGUARDED_AVAILABILITY = YES_AGGRESSIVE;
				CLANG_WARN_UNREACHABLE_CODE = YES;
				CLANG_WARN__DUPLICATE_METHOD_MATCH = YES;
				COPY_PHASE_STRIP = NO;
				DEBUG_INFORMATION_FORMAT = "dwarf-with-dsym";
				ENABLE_NS_ASSERTIONS = NO;
				ENABLE_STRICT_OBJC_MSGSEND = YES;
				ENABLE_USER_SCRIPT_SANDBOXING = YES;
				GCC_C_LANGUAGE_STANDARD = gnu17;
				GCC_NO_COMMON_BLOCKS = YES;
				GCC_WARN_64_TO_32_BIT_CONVERSION = YES;
				GCC_WARN_ABOUT_RETURN_TYPE = YES_ERROR;
				GCC_WARN_UNDECLARED_SELECTOR = YES;
				GCC_WARN_UNINITIALIZED_AUTOS = YES_AGGRESSIVE;
				GCC_WARN_UNUSED_FUNCTION = YES;
				GCC_WARN_UNUSED_VARIABLE = YES;
				IPHONEOS_DEPLOYMENT_TARGET = 18.5;
				LOCALIZATION_PREFERS_STRING_CATALOGS = YES;
				MTL_ENABLE_DEBUG_INFO = NO;
				MTL_FAST_MATH = YES;
				SDKROOT = iphoneos;
				SWIFT_COMPILATION_MODE = wholemodule;
				VALIDATE_PRODUCT = YES;
			};
			name = Release;
		};
		33D1386D2E06944100101ACA /* Debug */ = {
			isa = XCBuildConfiguration;
			buildSettings = {
				BUNDLE_LOADER = "$(TEST_HOST)";
				CODE_SIGN_STYLE = Automatic;
				CURRENT_PROJECT_VERSION = 1;
				GENERATE_INFOPLIST_FILE = YES;
				IPHONEOS_DEPLOYMENT_TARGET = 18.5;
				MARKETING_VERSION = 1.0;
				PRODUCT_BUNDLE_IDENTIFIER = app.Taguchi.Raku.ryuugakuTests;
				PRODUCT_NAME = "$(TARGET_NAME)";
				SWIFT_EMIT_LOC_STRINGS = NO;
				SWIFT_VERSION = 5.0;
				TARGETED_DEVICE_FAMILY = "1,2";
				TEST_HOST = "$(BUILT_PRODUCTS_DIR)/ryuugaku.app/$(BUNDLE_EXECUTABLE_FOLDER_PATH)/ryuugaku";
			};
			name = Debug;
		};
		33D1386E2E06944100101ACA /* Release */ = {
			isa = XCBuildConfiguration;
			buildSettings = {
				BUNDLE_LOADER = "$(TEST_HOST)";
				CODE_SIGN_STYLE = Automatic;
				CURRENT_PROJECT_VERSION = 1;
				GENERATE_INFOPLIST_FILE = YES;
				IPHONEOS_DEPLOYMENT_TARGET = 18.5;
				MARKETING_VERSION = 1.0;
				PRODUCT_BUNDLE_IDENTIFIER = app.Taguchi.Raku.ryuugakuTests;
				PRODUCT_NAME = "$(TARGET_NAME)";
				SWIFT_EMIT_LOC_STRINGS = NO;
				SWIFT_VERSION = 5.0;
				TARGETED_DEVICE_FAMILY = "1,2";
				TEST_HOST = "$(BUILT_PRODUCTS_DIR)/ryuugaku.app/$(BUNDLE_EXECUTABLE_FOLDER_PATH)/ryuugaku";
			};
			name = Release;
		};
		33D138702E06944100101ACA /* Debug */ = {
			isa = XCBuildConfiguration;
			buildSettings = {
				CODE_SIGN_STYLE = Automatic;
				CURRENT_PROJECT_VERSION = 1;
				GENERATE_INFOPLIST_FILE = YES;
				MARKETING_VERSION = 1.0;
				PRODUCT_BUNDLE_IDENTIFIER = app.Taguchi.Raku.ryuugakuUITests;
				PRODUCT_NAME = "$(TARGET_NAME)";
				SWIFT_EMIT_LOC_STRINGS = NO;
				SWIFT_VERSION = 5.0;
				TARGETED_DEVICE_FAMILY = "1,2";
				TEST_TARGET_NAME = ryuugaku;
			};
			name = Debug;
		};
		33D138712E06944100101ACA /* Release */ = {
			isa = XCBuildConfiguration;
			buildSettings = {
				CODE_SIGN_STYLE = Automatic;
				CURRENT_PROJECT_VERSION = 1;
				GENERATE_INFOPLIST_FILE = YES;
				MARKETING_VERSION = 1.0;
				PRODUCT_BUNDLE_IDENTIFIER = app.Taguchi.Raku.ryuugakuUITests;
				PRODUCT_NAME = "$(TARGET_NAME)";
				SWIFT_EMIT_LOC_STRINGS = NO;
				SWIFT_VERSION = 5.0;
				TARGETED_DEVICE_FAMILY = "1,2";
				TEST_TARGET_NAME = ryuugaku;
			};
			name = Release;
		};
/* End XCBuildConfiguration section */

/* Begin XCConfigurationList section */
		33D138392E06943E00101ACA /* Build configuration list for PBXProject "ryuugaku" */ = {
			isa = XCConfigurationList;
			buildConfigurations = (
				33D1386A2E06944100101ACA /* Debug */,
				33D1386B2E06944100101ACA /* Release */,
			);
			defaultConfigurationIsVisible = 0;
			defaultConfigurationName = Release;
		};
		33D138672E06944100101ACA /* Build configuration list for PBXNativeTarget "ryuugaku" */ = {
			isa = XCConfigurationList;
			buildConfigurations = (
				33D138682E06944100101ACA /* Debug */,
				33D138692E06944100101ACA /* Release */,
			);
			defaultConfigurationIsVisible = 0;
			defaultConfigurationName = Release;
		};
		33D1386C2E06944100101ACA /* Build configuration list for PBXNativeTarget "ryuugakuTests" */ = {
			isa = XCConfigurationList;
			buildConfigurations = (
				33D1386D2E06944100101ACA /* Debug */,
				33D1386E2E06944100101ACA /* Release */,
			);
			defaultConfigurationIsVisible = 0;
			defaultConfigurationName = Release;
		};
		33D1386F2E06944100101ACA /* Build configuration list for PBXNativeTarget "ryuugakuUITests" */ = {
			isa = XCConfigurationList;
			buildConfigurations = (
				33D138702E06944100101ACA /* Debug */,
				33D138712E06944100101ACA /* Release */,
			);
			defaultConfigurationIsVisible = 0;
			defaultConfigurationName = Release;
		};
/* End XCConfigurationList section */
	};
	rootObject = 33D138362E06943E00101ACA /* Project object */;
}
